Microsoft Visual Studio Solution File, Format Version 11.00
# Visual Studio 2008

Project("{823560E5-7B17-2585-8E71-4DCFD58C50F2}") = "Tubes2-Unity", "Assembly-CSharp-firstpass-vs.csproj", "{B74BA0C5-F2E4-8F48-4CA5-DCD27290514B}"
EndProject
Project("{823560E5-7B17-2585-8E71-4DCFD58C50F2}") = "Tubes2-Unity", "Assembly-CSharp-vs.csproj", "{CCBD570C-0895-DD35-E3C9-6E3BECFDC3DE}"
EndProject
Project("{823560E5-7B17-2585-8E71-4DCFD58C50F2}") = "Tubes2-Unity", "Assembly-CSharp-Editor-vs.csproj", "{F296BD5E-734F-5E1B-A75D-C9CA55B1406E}"
EndProject
Global
	GlobalSection(SolutionConfigurationPlatforms) = preSolution
		Debug|Any CPU = Debug|Any CPU
		Release|Any CPU = Release|Any CPU
	EndGlobalSection
	GlobalSection(ProjectConfigurationPlatforms) = postSolution
		{B74BA0C5-F2E4-8F48-4CA5-DCD27290514B}.Debug|Any CPU.ActiveCfg = Debug|Any CPU
		{B74BA0C5-F2E4-8F48-4CA5-DCD27290514B}.Debug|Any CPU.Build.0 = Debug|Any CPU
		{B74BA0C5-F2E4-8F48-4CA5-DCD27290514B}.Release|Any CPU.ActiveCfg = Release|Any CPU
		{B74BA0C5-F2E4-8F48-4CA5-DCD27290514B}.Release|Any CPU.Build.0 = Release|Any CPU
		{CCBD570C-0895-DD35-E3C9-6E3BECFDC3DE}.Debug|Any CPU.ActiveCfg = Debug|Any CPU
		{CCBD570C-0895-DD35-E3C9-6E3BECFDC3DE}.Debug|Any CPU.Build.0 = Debug|Any CPU
		{CCBD570C-0895-DD35-E3C9-6E3BECFDC3DE}.Release|Any CPU.ActiveCfg = Release|Any CPU
		{CCBD570C-0895-DD35-E3C9-6E3BECFDC3DE}.Release|Any CPU.Build.0 = Release|Any CPU
		{F296BD5E-734F-5E1B-A75D-C9CA55B1406E}.Debug|Any CPU.ActiveCfg = Debug|Any CPU
		{F296BD5E-734F-5E1B-A75D-C9CA55B1406E}.Debug|Any CPU.Build.0 = Debug|Any CPU
		{F296BD5E-734F-5E1B-A75D-C9CA55B1406E}.Release|Any CPU.ActiveCfg = Release|Any CPU
		{F296BD5E-734F-5E1B-A75D-C9CA55B1406E}.Release|Any CPU.Build.0 = Release|Any CPU
	EndGlobalSection
	GlobalSection(SolutionProperties) = preSolution
		HideSolutionNode = FALSE
	EndGlobalSection
										GlobalSection(MonoDevelopProperties) = preSolution
		StartupItem = Assembly-CSharp.csproj
		Policies = $0
		$0.TextStylePolicy = $1
		$1.inheritsSet = null
		$1.scope = text/x-csharp
		$0.CSharpFormattingPolicy = $2
		$2.inheritsSet = Mono
		$2.inheritsScope = text/x-csharp
		$2.scope = text/x-csharp
		$0.TextStylePolicy = $3
		$3.FileWidth = 120
		$3.TabWidth = 4
		$3.IndentWidth = 4
		$3.EolMarker = Unix
		$3.inheritsSet = Mono
		$3.inheritsScope = text/plain
		$3.scope = text/plain
	EndGlobalSection

EndGlobal
